<Solution>
  <Folder Name="/linting/">
    <File Path=".editorconfig" />
    <File Path="stylecop.json" />
  </Folder>
  <Folder Name="/Packaging/">    
    <File Path="../umbraco-marketplace.json" />
  </Folder>
  <Folder Name="/Solution Items/">
    <File Path="code/Directory.Build.props" />
    <File Path="code/Directory.Packages.props" />
  </Folder>
  <Project Path="code/Our.Umbraco.MultilanguageTextbox.Core/Our.Umbraco.MultilanguageTextbox.Core.csproj" />
  <Project Path="code/Our.Umbraco.MultilanguageTextbox.UI/Our.Umbraco.MultilanguageTextbox.UI.csproj" />
  <Project Path="code/Our.Umbraco.MultilanguageTextbox/Our.Umbraco.MultilanguageTextbox.csproj" />
  <!--<Project Path="testsites/Website-V13/Website-V13.csproj" />-->
</Solution>
