
Microsoft Visual Studio Solution File, Format Version 12.00
# Visual Studio Version 17
VisualStudioVersion = 17.2.32616.157
MinimumVisualStudioVersion = 10.0.40219.1
Project("{9A19103F-16F7-4668-BE54-9A1E7A4F7556}") = "Our.Umbraco.MultilanguageTextbox.Core", "Our.Umbraco.MultilanguageTextbox.Core\Our.Umbraco.MultilanguageTextbox.Core.csproj", "{93D65F2B-C552-4616-A1E2-50DB86E3AC9B}"
EndProject
Project("{2150E333-8FDC-42A3-9474-1A3956D46DE8}") = "linting", "linting", "{16B78AB3-3CA0-4426-9631-AB619F9A4A55}"
	ProjectSection(SolutionItems) = preProject
		.editorconfig = .editorconfig
		stylecop.json = stylecop.json
	EndProjectSection
EndProject
Project("{9A19103F-16F7-4668-BE54-9A1E7A4F7556}") = "Our.Umbraco.MultilanguageTextbox.UI", "Our.Umbraco.MultilanguageTextbox.UI\Our.Umbraco.MultilanguageTextbox.UI.csproj", "{0C6D730C-ED23-4FB0-A926-FFB462EB89DB}"
EndProject
Project("{9A19103F-16F7-4668-BE54-9A1E7A4F7556}") = "Our.Umbraco.MultilanguageTextbox", "Our.Umbraco.MultilanguageTextbox\Our.Umbraco.MultilanguageTextbox.csproj", "{09A67C1C-3DA0-419A-BECA-7F2F77E7ED20}"
EndProject
Project("{2150E333-8FDC-42A3-9474-1A3956D46DE8}") = "Solution Items", "Solution Items", "{3054B815-6D31-470D-B8BD-B66F7A831524}"
	ProjectSection(SolutionItems) = preProject
		Directory.Build.props = Directory.Build.props
	EndProjectSection
EndProject
Project("{2150E333-8FDC-42A3-9474-1A3956D46DE8}") = "Utilities", "Utilities", "{5F89E97E-65AC-46DB-B901-D99E8E18AA2F}"
	ProjectSection(SolutionItems) = preProject
		..\Utilities\SetupTestSite.ps1 = ..\Utilities\SetupTestSite.ps1
		..\Utilities\UpdateTestSites.ps1 = ..\Utilities\UpdateTestSites.ps1
		..\Utilities\StartTestSite.ps1 = ..\Utilities\StartTestSite.ps1
	EndProjectSection
EndProject
Project("{2150E333-8FDC-42A3-9474-1A3956D46DE8}") = "Packaging", "Packaging", "{621599E6-04A8-42F7-B7E2-ECC445DE3C14}"
	ProjectSection(SolutionItems) = preProject
		..\appveyor.yml = ..\appveyor.yml
		..\Packaging\BuildPackage.ps1 = ..\Packaging\BuildPackage.ps1
		..\Packaging\manifest-umbraco.xml = ..\Packaging\manifest-umbraco.xml
	EndProjectSection
EndProject
Global
	GlobalSection(SolutionConfigurationPlatforms) = preSolution
		Debug|Any CPU = Debug|Any CPU
		Release|Any CPU = Release|Any CPU
	EndGlobalSection
	GlobalSection(ProjectConfigurationPlatforms) = postSolution
		{93D65F2B-C552-4616-A1E2-50DB86E3AC9B}.Debug|Any CPU.ActiveCfg = Debug|Any CPU
		{93D65F2B-C552-4616-A1E2-50DB86E3AC9B}.Debug|Any CPU.Build.0 = Debug|Any CPU
		{93D65F2B-C552-4616-A1E2-50DB86E3AC9B}.Release|Any CPU.ActiveCfg = Release|Any CPU
		{93D65F2B-C552-4616-A1E2-50DB86E3AC9B}.Release|Any CPU.Build.0 = Release|Any CPU
		{0C6D730C-ED23-4FB0-A926-FFB462EB89DB}.Debug|Any CPU.ActiveCfg = Debug|Any CPU
		{0C6D730C-ED23-4FB0-A926-FFB462EB89DB}.Debug|Any CPU.Build.0 = Debug|Any CPU
		{0C6D730C-ED23-4FB0-A926-FFB462EB89DB}.Release|Any CPU.ActiveCfg = Release|Any CPU
		{0C6D730C-ED23-4FB0-A926-FFB462EB89DB}.Release|Any CPU.Build.0 = Release|Any CPU
		{09A67C1C-3DA0-419A-BECA-7F2F77E7ED20}.Debug|Any CPU.ActiveCfg = Debug|Any CPU
		{09A67C1C-3DA0-419A-BECA-7F2F77E7ED20}.Debug|Any CPU.Build.0 = Debug|Any CPU
		{09A67C1C-3DA0-419A-BECA-7F2F77E7ED20}.Release|Any CPU.ActiveCfg = Release|Any CPU
		{09A67C1C-3DA0-419A-BECA-7F2F77E7ED20}.Release|Any CPU.Build.0 = Release|Any CPU
	EndGlobalSection
	GlobalSection(SolutionProperties) = preSolution
		HideSolutionNode = FALSE
	EndGlobalSection
	GlobalSection(ExtensibilityGlobals) = postSolution
		SolutionGuid = {2F961720-B8D9-4E2E-9751-F6C2AA238EEF}
	EndGlobalSection
EndGlobal
